// !$*UTF8*$!
{
	archiveVersion = 1;
	classes = {
	};
	objectVersion = 50;
	objects = {

/* Begin PBXBuildFile section */
		D917B887211C8FF000B05E38 /* AppDelegate.swift in Sources */ = {isa = PBXBuildFile; fileRef = D917B886211C8FF000B05E38 /* AppDelegate.swift */; };
		D917B88C211C8FF000B05E38 /* Main.storyboard in Resources */ = {isa = PBXBuildFile; fileRef = D917B88A211C8FF000B05E38 /* Main.storyboard */; };
		D917B88E211C8FF100B05E38 /* Assets.xcassets in Resources */ = {isa = PBXBuildFile; fileRef = D917B88D211C8FF100B05E38 /* Assets.xcassets */; };
		D917B891211C8FF100B05E38 /* LaunchScreen.storyboard in Resources */ = {isa = PBXBuildFile; fileRef = D917B88F211C8FF100B05E38 /* LaunchScreen.storyboard */; };
		D917B89B211C905400B05E38 /* TableViewController.swift in Sources */ = {isa = PBXBuildFile; fileRef = D917B89A211C905400B05E38 /* TableViewController.swift */; };
		D917B89D211C9A1500B05E38 /* TestModel.swift in Sources */ = {isa = PBXBuildFile; fileRef = D917B89C211C9A1500B05E38 /* TestModel.swift */; };
		D9252FDB211CA12B00CEE530 /* TableViewCell.swift in Sources */ = {isa = PBXBuildFile; fileRef = D9252FDA211CA12B00CEE530 /* TableViewCell.swift */; };
		D9252FDD211CA47700CEE530 /* SecondTableViewController.swift in Sources */ = {isa = PBXBuildFile; fileRef = D9252FDC211CA47700CEE530 /* SecondTableViewController.swift */; };
		D9252FDF211CA71600CEE530 /* SecondTableViewCell.swift in Sources */ = {isa = PBXBuildFile; fileRef = D9252FDE211CA71600CEE530 /* SecondTableViewCell.swift */; };
/* End PBXBuildFile section */

/* Begin PBXFileReference section */
		D917B883211C8FEF00B05E38 /* TableViewControllerDataHandleDemo.app */ = {isa = PBXFileReference; explicitFileType = wrapper.application; includeInIndex = 0; path = TableViewControllerDataHandleDemo.app; sourceTree = BUILT_PRODUCTS_DIR; };
		D917B886211C8FF000B05E38 /* AppDelegate.swift */ = {isa = PBXFileReference; lastKnownFileType = sourcecode.swift; path = AppDelegate.swift; sourceTree = "<group>"; };
		D917B88B211C8FF000B05E38 /* Base */ = {isa = PBXFileReference; lastKnownFileType = file.storyboard; name = Base; path = Base.lproj/Main.storyboard; sourceTree = "<group>"; };
		D917B88D211C8FF100B05E38 /* Assets.xcassets */ = {isa = PBXFileReference; lastKnownFileType = folder.assetcatalog; path = Assets.xcassets; sourceTree = "<group>"; };
		D917B890211C8FF100B05E38 /* Base */ = {isa = PBXFileReference; lastKnownFileType = file.storyboard; name = Base; path = Base.lproj/LaunchScreen.storyboard; sourceTree = "<group>"; };
		D917B892211C8FF100B05E38 /* Info.plist */ = {isa = PBXFileReference; lastKnownFileType = text.plist.xml; path = Info.plist; sourceTree = "<group>"; };
		D917B89A211C905400B05E38 /* TableViewController.swift */ = {isa = PBXFileReference; lastKnownFileType = sourcecode.swift; path = TableViewController.swift; sourceTree = "<group>"; };
		D917B89C211C9A1500B05E38 /* TestModel.swift */ = {isa = PBXFileReference; lastKnownFileType = sourcecode.swift; path = TestModel.swift; sourceTree = "<group>"; };
		D9252FDA211CA12B00CEE530 /* TableViewCell.swift */ = {isa = PBXFileReference; lastKnownFileType = sourcecode.swift; path = TableViewCell.swift; sourceTree = "<group>"; };
		D9252FDC211CA47700CEE530 /* SecondTableViewController.swift */ = {isa = PBXFileReference; lastKnownFileType = sourcecode.swift; path = SecondTableViewController.swift; sourceTree = "<group>"; };
		D9252FDE211CA71600CEE530 /* SecondTableViewCell.swift */ = {isa = PBXFileReference; lastKnownFileType = sourcecode.swift; path = SecondTableViewCell.swift; sourceTree = "<group>"; };
/* End PBXFileReference section */

/* Begin PBXFrameworksBuildPhase section */
		D917B880211C8FEF00B05E38 /* Frameworks */ = {
			isa = PBXFrameworksBuildPhase;
			buildActionMask = 2147483647;
			files = (
			);
			runOnlyForDeploymentPostprocessing = 0;
		};
/* End PBXFrameworksBuildPhase section */

/* Begin PBXGroup section */
		D917B87A211C8FEF00B05E38 = {
			isa = PBXGroup;
			children = (
				D917B885211C8FEF00B05E38 /* TableViewControllerDataHandleDemo */,
				D917B884211C8FEF00B05E38 /* Products */,
			);
			sourceTree = "<group>";
		};
		D917B884211C8FEF00B05E38 /* Products */ = {
			isa = PBXGroup;
			children = (
				D917B883211C8FEF00B05E38 /* TableViewControllerDataHandleDemo.app */,
			);
			name = Products;
			sourceTree = "<group>";
		};
		D917B885211C8FEF00B05E38 /* TableViewControllerDataHandleDemo */ = {
			isa = PBXGroup;
			children = (
				D917B886211C8FF000B05E38 /* AppDelegate.swift */,
				D917B89A211C905400B05E38 /* TableViewController.swift */,
				D9252FDC211CA47700CEE530 /* SecondTableViewController.swift */,
				D917B88A211C8FF000B05E38 /* Main.storyboard */,
				D9252FDE211CA71600CEE530 /* SecondTableViewCell.swift */,
				D9252FDA211CA12B00CEE530 /* TableViewCell.swift */,
				D917B89C211C9A1500B05E38 /* TestModel.swift */,
				D917B88D211C8FF100B05E38 /* Assets.xcassets */,
				D917B88F211C8FF100B05E38 /* LaunchScreen.storyboard */,
				D917B892211C8FF100B05E38 /* Info.plist */,
			);
			path = TableViewControllerDataHandleDemo;
			sourceTree = "<group>";
		};
/* End PBXGroup section */

/* Begin PBXNativeTarget section */
		D917B882211C8FEF00B05E38 /* TableViewControllerDataHandleDemo */ = {
			isa = PBXNativeTarget;
			buildConfigurationList = D917B895211C8FF100B05E38 /* Build configuration list for PBXNativeTarget "TableViewControllerDataHandleDemo" */;
			buildPhases = (
				D917B87F211C8FEF00B05E38 /* Sources */,
				D917B880211C8FEF00B05E38 /* Frameworks */,
				D917B881211C8FEF00B05E38 /* Resources */,
			);
			buildRules = (
			);
			dependencies = (
			);
			name = TableViewControllerDataHandleDemo;
			productName = TableViewControllerDataHandleDemo;
			productReference = D917B883211C8FEF00B05E38 /* TableViewControllerDataHandleDemo.app */;
			productType = "com.apple.product-type.application";
		};
/* End PBXNativeTarget section */

/* Begin PBXProject section */
		D917B87B211C8FEF00B05E38 /* Project object */ = {
			isa = PBXProject;
			attributes = {
				LastSwiftUpdateCheck = 0940;
				LastUpgradeCheck = 0940;
				ORGANIZATIONNAME = "Robert Wong";
				TargetAttributes = {
					D917B882211C8FEF00B05E38 = {
						CreatedOnToolsVersion = 9.4.1;
					};
				};
			};
			buildConfigurationList = D917B87E211C8FEF00B05E38 /* Build configuration list for PBXProject "TableViewControllerDataHandleDemo" */;
			compatibilityVersion = "Xcode 9.3";
			developmentRegion = en;
			hasScannedForEncodings = 0;
			knownRegions = (
				en,
				Base,
			);
			mainGroup = D917B87A211C8FEF00B05E38;
			productRefGroup = D917B884211C8FEF00B05E38 /* Products */;
			projectDirPath = "";
			projectRoot = "";
			targets = (
				D917B882211C8FEF00B05E38 /* TableViewControllerDataHandleDemo */,
			);
		};
/* End PBXProject section */

/* Begin PBXResourcesBuildPhase section */
		D917B881211C8FEF00B05E38 /* Resources */ = {
			isa = PBXResourcesBuildPhase;
			buildActionMask = 2147483647;
			files = (
				D917B891211C8FF100B05E38 /* LaunchScreen.storyboard in Resources */,
				D917B88E211C8FF100B05E38 /* Assets.xcassets in Resources */,
				D917B88C211C8FF000B05E38 /* Main.storyboard in Resources */,
			);
			runOnlyForDeploymentPostprocessing = 0;
		};
/* End PBXResourcesBuildPhase section */

/* Begin PBXSourcesBuildPhase section */
		D917B87F211C8FEF00B05E38 /* Sources */ = {
			isa = PBXSourcesBuildPhase;
			buildActionMask = 2147483647;
			files = (
				D917B89D211C9A1500B05E38 /* TestModel.swift in Sources */,
				D9252FDB211CA12B00CEE530 /* TableViewCell.swift in Sources */,
				D9252FDD211CA47700CEE530 /* SecondTableViewController.swift in Sources */,
				D917B887211C8FF000B05E38 /* AppDelegate.swift in Sources */,
				D917B89B211C905400B05E38 /* TableViewController.swift in Sources */,
				D9252FDF211CA71600CEE530 /* SecondTableViewCell.swift in Sources */,
			);
			runOnlyForDeploymentPostprocessing = 0;
		};
/* End PBXSourcesBuildPhase section */

/* Begin PBXVariantGroup section */
		D917B88A211C8FF000B05E38 /* Main.storyboard */ = {
			isa = PBXVariantGroup;
			children = (
				D917B88B211C8FF000B05E38 /* Base */,
			);
			name = Main.storyboard;
			sourceTree = "<group>";
		};
		D917B88F211C8FF100B05E38 /* LaunchScreen.storyboard */ = {
			isa = PBXVariantGroup;
			children = (
				D917B890211C8FF100B05E38 /* Base */,
			);
			name = LaunchScreen.storyboard;
			sourceTree = "<group>";
		};
/* End PBXVariantGroup section */

/* Begin XCBuildConfiguration section */
		D917B893211C8FF100B05E38 /* Debug */ = {
			isa = XCBuildConfiguration;
			buildSettings = {
				ALWAYS_SEARCH_USER_PATHS = NO;
				CLANG_ANALYZER_NONNULL = YES;
				CLANG_ANALYZER_NUMBER_OBJECT_CONVERSION = YES_AGGRESSIVE;
				CLANG_CXX_LANGUAGE_STANDARD = "gnu++14";
				CLANG_CXX_LIBRARY = "libc++";
				CLANG_ENABLE_MODULES = YES;
				CLANG_ENABLE_OBJC_ARC = YES;
				CLANG_ENABLE_OBJC_WEAK = YES;
				CLANG_WARN_BLOCK_CAPTURE_AUTORELEASING = YES;
				CLANG_WARN_BOOL_CONVERSION = YES;
				CLANG_WARN_COMMA = YES;
				CLANG_WARN_CONSTANT_CONVERSION = YES;
				CLANG_WARN_DEPRECATED_OBJC_IMPLEMENTATIONS = YES;
				CLANG_WARN_DIRECT_OBJC_ISA_USAGE = YES_ERROR;
				CLANG_WARN_DOCUMENTATION_COMMENTS = YES;
				CLANG_WARN_EMPTY_BODY = YES;
				CLANG_WARN_ENUM_CONVERSION = YES;
				CLANG_WARN_INFINITE_RECURSION = YES;
				CLANG_WARN_INT_CONVERSION = YES;
				CLANG_WARN_NON_LITERAL_NULL_CONVERSION = YES;
				CLANG_WARN_OBJC_IMPLICIT_RETAIN_SELF = YES;
				CLANG_WARN_OBJC_LITERAL_CONVERSION = YES;
				CLANG_WARN_OBJC_ROOT_CLASS = YES_ERROR;
				CLANG_WARN_RANGE_LOOP_ANALYSIS = YES;
				CLANG_WARN_STRICT_PROTOTYPES = YES;
				CLANG_WARN_SUSPICIOUS_MOVE = YES;
				CLANG_WARN_UNGUARDED_AVAILABILITY = YES_AGGRESSIVE;
				CLANG_WARN_UNREACHABLE_CODE = YES;
				CLANG_WARN__DUPLICATE_METHOD_MATCH = YES;
				CODE_SIGN_IDENTITY = "iPhone Developer";
				COPY_PHASE_STRIP = NO;
				DEBUG_INFORMATION_FORMAT = dwarf;
				ENABLE_STRICT_OBJC_MSGSEND = YES;
				ENABLE_TESTABILITY = YES;
				GCC_C_LANGUAGE_STANDARD = gnu11;
				GCC_DYNAMIC_NO_PIC = NO;
				GCC_NO_COMMON_BLOCKS = YES;
				GCC_OPTIMIZATION_LEVEL = 0;
				GCC_PREPROCESSOR_DEFINITIONS = (
					"DEBUG=1",
					"$(inherited)",
				);
				GCC_WARN_64_TO_32_BIT_CONVERSION = YES;
				GCC_WARN_ABOUT_RETURN_TYPE = YES_ERROR;
				GCC_WARN_UNDECLARED_SELECTOR = YES;
				GCC_WARN_UNINITIALIZED_AUTOS = YES_AGGRESSIVE;
				GCC_WARN_UNUSED_FUNCTION = YES;
				GCC_WARN_UNUSED_VARIABLE = YES;
				IPHONEOS_DEPLOYMENT_TARGET = 11.4;
				MTL_ENABLE_DEBUG_INFO = YES;
				ONLY_ACTIVE_ARCH = YES;
				SDKROOT = iphoneos;
				SWIFT_ACTIVE_COMPILATION_CONDITIONS = DEBUG;
				SWIFT_OPTIMIZATION_LEVEL = "-Onone";
			};
			name = Debug;
		};
		D917B894211C8FF100B05E38 /* Release */ = {
			isa = XCBuildConfiguration;
			buildSettings = {
				ALWAYS_SEARCH_USER_PATHS = NO;
				CLANG_ANALYZER_NONNULL = YES;
				CLANG_ANALYZER_NUMBER_OBJECT_CONVERSION = YES_AGGRESSIVE;
				CLANG_CXX_LANGUAGE_STANDARD = "gnu++14";
				CLANG_CXX_LIBRARY = "libc++";
				CLANG_ENABLE_MODULES = YES;
				CLANG_ENABLE_OBJC_ARC = YES;
				CLANG_ENABLE_OBJC_WEAK = YES;
				CLANG_WARN_BLOCK_CAPTURE_AUTORELEASING = YES;
				CLANG_WARN_BOOL_CONVERSION = YES;
				CLANG_WARN_COMMA = YES;
				CLANG_WARN_CONSTANT_CONVERSION = YES;
				CLANG_WARN_DEPRECATED_OBJC_IMPLEMENTATIONS = YES;
				CLANG_WARN_DIRECT_OBJC_ISA_USAGE = YES_ERROR;
				CLANG_WARN_DOCUMENTATION_COMMENTS = YES;
				CLANG_WARN_EMPTY_BODY = YES;
				CLANG_WARN_ENUM_CONVERSION = YES;
				CLANG_WARN_INFINITE_RECURSION = YES;
				CLANG_WARN_INT_CONVERSION = YES;
				CLANG_WARN_NON_LITERAL_NULL_CONVERSION = YES;
				CLANG_WARN_OBJC_IMPLICIT_RETAIN_SELF = YES;
				CLANG_WARN_OBJC_LITERAL_CONVERSION = YES;
				CLANG_WARN_OBJC_ROOT_CLASS = YES_ERROR;
				CLANG_WARN_RANGE_LOOP_ANALYSIS = YES;
				CLANG_WARN_STRICT_PROTOTYPES = YES;
				CLANG_WARN_SUSPICIOUS_MOVE = YES;
				CLANG_WARN_UNGUARDED_AVAILABILITY = YES_AGGRESSIVE;
				CLANG_WARN_UNREACHABLE_CODE = YES;
				CLANG_WARN__DUPLICATE_METHOD_MATCH = YES;
				CODE_SIGN_IDENTITY = "iPhone Developer";
				COPY_PHASE_STRIP = NO;
				DEBUG_INFORMATION_FORMAT = "dwarf-with-dsym";
				ENABLE_NS_ASSERTIONS = NO;
				ENABLE_STRICT_OBJC_MSGSEND = YES;
				GCC_C_LANGUAGE_STANDARD = gnu11;
				GCC_NO_COMMON_BLOCKS = YES;
				GCC_WARN_64_TO_32_BIT_CONVERSION = YES;
				GCC_WARN_ABOUT_RETURN_TYPE = YES_ERROR;
				GCC_WARN_UNDECLARED_SELECTOR = YES;
				GCC_WARN_UNINITIALIZED_AUTOS = YES_AGGRESSIVE;
				GCC_WARN_UNUSED_FUNCTION = YES;
				GCC_WARN_UNUSED_VARIABLE = YES;
				IPHONEOS_DEPLOYMENT_TARGET = 11.4;
				MTL_ENABLE_DEBUG_INFO = NO;
				SDKROOT = iphoneos;
				SWIFT_COMPILATION_MODE = wholemodule;
				SWIFT_OPTIMIZATION_LEVEL = "-O";
				VALIDATE_PRODUCT = YES;
			};
			name = Release;
		};
		D917B896211C8FF100B05E38 /* Debug */ = {
			isa = XCBuildConfiguration;
			buildSettings = {
				ASSETCATALOG_COMPILER_APPICON_NAME = AppIcon;
				CODE_SIGN_STYLE = Automatic;
				DEVELOPMENT_TEAM = S8U5C9WC7P;
				INFOPLIST_FILE = TableViewControllerDataHandleDemo/Info.plist;
				LD_RUNPATH_SEARCH_PATHS = (
					"$(inherited)",
					"@executable_path/Frameworks",
				);
				PRODUCT_BUNDLE_IDENTIFIER = com.TableViewControllerDataHandleDemo;
				PRODUCT_NAME = "$(TARGET_NAME)";
				SWIFT_VERSION = 4.0;
				TARGETED_DEVICE_FAMILY = "1,2";
			};
			name = Debug;
		};
		D917B897211C8FF100B05E38 /* Release */ = {
			isa = XCBuildConfiguration;
			buildSettings = {
				ASSETCATALOG_COMPILER_APPICON_NAME = AppIcon;
				CODE_SIGN_STYLE = Automatic;
				DEVELOPMENT_TEAM = S8U5C9WC7P;
				INFOPLIST_FILE = TableViewControllerDataHandleDemo/Info.plist;
				LD_RUNPATH_SEARCH_PATHS = (
					"$(inherited)",
					"@executable_path/Frameworks",
				);
				PRODUCT_BUNDLE_IDENTIFIER = com.TableViewControllerDataHandleDemo;
				PRODUCT_NAME = "$(TARGET_NAME)";
				SWIFT_VERSION = 4.0;
				TARGETED_DEVICE_FAMILY = "1,2";
			};
			name = Release;
		};
/* End XCBuildConfiguration section */

/* Begin XCConfigurationList section */
		D917B87E211C8FEF00B05E38 /* Build configuration list for PBXProject "TableViewControllerDataHandleDemo" */ = {
			isa = XCConfigurationList;
			buildConfigurations = (
				D917B893211C8FF100B05E38 /* Debug */,
				D917B894211C8FF100B05E38 /* Release */,
			);
			defaultConfigurationIsVisible = 0;
			defaultConfigurationName = Release;
		};
		D917B895211C8FF100B05E38 /* Build configuration list for PBXNativeTarget "TableViewControllerDataHandleDemo" */ = {
			isa = XCConfigurationList;
			buildConfigurations = (
				D917B896211C8FF100B05E38 /* Debug */,
				D917B897211C8FF100B05E38 /* Release */,
			);
			defaultConfigurationIsVisible = 0;
			defaultConfigurationName = Release;
		};
/* End XCConfigurationList section */
	};
	rootObject = D917B87B211C8FEF00B05E38 /* Project object */;
}
